
Microsoft Visual Studio Solution File, Format Version 12.00
# Visual Studio 15
VisualStudioVersion = 15.0.28307.852
MinimumVisualStudioVersion = 10.0.40219.1
Project("{FAE04EC0-301F-11D3-BF4B-00C04F79EFBC}") = "FreeSurveyMaker", "FreeSurveyMaker\FreeSurveyMaker.csproj", "{BC254FA1-032D-45EA-B13B-868898746722}"
EndProject
Global
	GlobalSection(SolutionConfigurationPlatforms) = preSolution
		Debug|Any CPU = Debug|Any CPU
		Release|Any CPU = Release|Any CPU
	EndGlobalSection
	GlobalSection(ProjectConfigurationPlatforms) = postSolution
		{BC254FA1-032D-45EA-B13B-868898746722}.Debug|Any CPU.ActiveCfg = Debug|Any CPU
		{BC254FA1-032D-45EA-B13B-868898746722}.Debug|Any CPU.Build.0 = Debug|Any CPU
		{BC254FA1-032D-45EA-B13B-868898746722}.Release|Any CPU.ActiveCfg = Release|Any CPU
		{BC254FA1-032D-45EA-B13B-868898746722}.Release|Any CPU.Build.0 = Release|Any CPU
	EndGlobalSection
	GlobalSection(SolutionProperties) = preSolution
		HideSolutionNode = FALSE
	EndGlobalSection
	GlobalSection(ExtensibilityGlobals) = postSolution
		SolutionGuid = {562F41E6-15E5-40AF-A091-8A2A898D47E5}
	EndGlobalSection
EndGlobal
